lockfileVersion: 5.4

specifiers:
  csv-parser: ^3.0.0
  pdf.js-extract: ^0.2.1

dependencies:
  csv-parser: 3.0.0
  pdf.js-extract: 0.2.1

packages:

  /csv-parser/3.0.0:
    resolution: {integrity: sha512-s6OYSXAK3IdKqYO33y09jhypG/bSDHPuyCme/IdEHfWpLf/jKcpitVFyOC6UemgGk8v7Q5u2XE0vvwmanxhGlQ==}
    engines: {node: '>= 10'}
    hasBin: true
    dependencies:
      minimist: 1.2.8
    dev: false

  /dommatrix/0.0.24:
    resolution: {integrity: sha512-PatEhAW5pIHr28MvFQGV5iiHNloqvecQZlxs7/8s/eulLqZI3uVqPkrO7YDuqsebovr/9mmcWDSWzVG4amEZgQ==}
    dev: false

  /minimist/1.2.8:
    resolution: {integrity: sha512-2yyAR8qBkN3YuheJanUpWC5U3bb5osDywNB8RzDVlDwDHbocAJveqqj1u8+SVD7jkWT4yvsHCpWqqWqAxb0zCA==}
    dev: false

  /pdf.js-extract/0.2.1:
    resolution: {integrity: sha512-oUs5KaTVCelIyiBajCx3zAZKurkN9oVwRdqbSeDqeofddxNuwJRur86fCETvKZ/tX5nZJUSZWq3ie76PsArz7A==}
    engines: {node: '>=12.0.0'}
    dependencies:
      dommatrix: 0.0.24
      web-streams-polyfill: 3.2.0
    dev: false

  /web-streams-polyfill/3.2.0:
    resolution: {integrity: sha512-EqPmREeOzttaLRm5HS7io98goBgZ7IVz79aDvqjD0kYXLtFZTc0T/U6wHTPKyIjb+MdN7DFIIX6hgdBEpWmfPA==}
    engines: {node: '>= 8'}
    dev: false
